
Microsoft Visual Studio Solution File, Format Version 12.00
# Visual Studio 15
VisualStudioVersion = 15.0.27004.2006
MinimumVisualStudioVersion = 10.0.40219.1
Project("{FAE04EC0-301F-11D3-BF4B-00C04F79EFBC}") = "BotDetection", "BotDetection\BotDetection.csproj", "{33B47D3C-FD7F-4052-9877-9EAE73EDC49B}"
EndProject
Global
	GlobalSection(SolutionConfigurationPlatforms) = preSolution
		Debug|Any CPU = Debug|Any CPU
		Release|Any CPU = Release|Any CPU
	EndGlobalSection
	GlobalSection(ProjectConfigurationPlatforms) = postSolution
		{33B47D3C-FD7F-4052-9877-9EAE73EDC49B}.Debug|Any CPU.ActiveCfg = Debug|Any CPU
		{33B47D3C-FD7F-4052-9877-9EAE73EDC49B}.Debug|Any CPU.Build.0 = Debug|Any CPU
		{33B47D3C-FD7F-4052-9877-9EAE73EDC49B}.Release|Any CPU.ActiveCfg = Release|Any CPU
		{33B47D3C-FD7F-4052-9877-9EAE73EDC49B}.Release|Any CPU.Build.0 = Release|Any CPU
	EndGlobalSection
	GlobalSection(SolutionProperties) = preSolution
		HideSolutionNode = FALSE
	EndGlobalSection
	GlobalSection(ExtensibilityGlobals) = postSolution
		SolutionGuid = {905BB750-8C79-46E1-9639-ED1CC38826EF}
	EndGlobalSection
EndGlobal
